
Microsoft Visual Studio Solution File, Format Version 12.00
# Visual Studio Version 17
VisualStudioVersion = 17.0.31606.5
MinimumVisualStudioVersion = 10.0.40219.1
Project("{FAE04EC0-301F-11D3-BF4B-00C04F79EFBC}") = "MinimalAPIs", "MinimalAPIs\MinimalAPIs.csproj", "{40A61C1C-0E21-478B-943A-7B4480F36173}"
EndProject
Project("{FAE04EC0-301F-11D3-BF4B-00C04F79EFBC}") = "RepositoryDapper", "RepositoryDapper\RepositoryDapper.csproj", "{2F7FC9ED-B7C2-499E-9160-EC1ED1D8A2F5}"
EndProject
Global
	GlobalSection(SolutionConfigurationPlatforms) = preSolution
		Debug|Any CPU = Debug|Any CPU
		Release|Any CPU = Release|Any CPU
	EndGlobalSection
	GlobalSection(ProjectConfigurationPlatforms) = postSolution
		{40A61C1C-0E21-478B-943A-7B4480F36173}.Debug|Any CPU.ActiveCfg = Debug|Any CPU
		{40A61C1C-0E21-478B-943A-7B4480F36173}.Debug|Any CPU.Build.0 = Debug|Any CPU
		{40A61C1C-0E21-478B-943A-7B4480F36173}.Release|Any CPU.ActiveCfg = Release|Any CPU
		{40A61C1C-0E21-478B-943A-7B4480F36173}.Release|Any CPU.Build.0 = Release|Any CPU
		{2F7FC9ED-B7C2-499E-9160-EC1ED1D8A2F5}.Debug|Any CPU.ActiveCfg = Debug|Any CPU
		{2F7FC9ED-B7C2-499E-9160-EC1ED1D8A2F5}.Debug|Any CPU.Build.0 = Debug|Any CPU
		{2F7FC9ED-B7C2-499E-9160-EC1ED1D8A2F5}.Release|Any CPU.ActiveCfg = Release|Any CPU
		{2F7FC9ED-B7C2-499E-9160-EC1ED1D8A2F5}.Release|Any CPU.Build.0 = Release|Any CPU
	EndGlobalSection
	GlobalSection(SolutionProperties) = preSolution
		HideSolutionNode = FALSE
	EndGlobalSection
	GlobalSection(ExtensibilityGlobals) = postSolution
		SolutionGuid = {B75BD367-8661-4F80-995C-A4E3ECAC3516}
	EndGlobalSection
EndGlobal
